
Microsoft Visual Studio Solution File, Format Version 12.00
# Visual Studio Version 17
VisualStudioVersion = 17.8.34408.163
MinimumVisualStudioVersion = 10.0.40219.1
Project("{2150E333-8FDC-42A3-9474-1A3956D46DE8}") = "Solution Items", "Solution Items", "{5BFB5CAE-2DA9-4AA5-ABD4-536BCB102C2A}"
	ProjectSection(SolutionItems) = preProject
		.gitignore = .gitignore
	EndProjectSection
EndProject
Project("{2150E333-8FDC-42A3-9474-1A3956D46DE8}") = "src", "src", "{C1351AE6-4858-4443-8ADD-B66775F89636}"
EndProject
Project("{2150E333-8FDC-42A3-9474-1A3956D46DE8}") = "Core", "Core", "{17D55069-D3E6-4EF3-B989-A0AFB53C4C2C}"
EndProject
Project("{2150E333-8FDC-42A3-9474-1A3956D46DE8}") = "Web", "Web", "{CC96BD29-C474-4478-88A9-3FEE2EDCBFAD}"
EndProject
Project("{2150E333-8FDC-42A3-9474-1A3956D46DE8}") = "Infrastructure", "Infrastructure", "{264A367D-4C6B-45E8-9CBE-942B564FA4B2}"
EndProject
Project("{FAE04EC0-301F-11D3-BF4B-00C04F79EFBC}") = "Library.Core", "src\Core\Library.Core\Library.Core.csproj", "{B003B812-8E5D-496D-9443-BBBAA3B29AC2}"
EndProject
Global
	GlobalSection(SolutionConfigurationPlatforms) = preSolution
		Debug|Any CPU = Debug|Any CPU
		Release|Any CPU = Release|Any CPU
	EndGlobalSection
	GlobalSection(ProjectConfigurationPlatforms) = postSolution
		{B003B812-8E5D-496D-9443-BBBAA3B29AC2}.Debug|Any CPU.ActiveCfg = Debug|Any CPU
		{B003B812-8E5D-496D-9443-BBBAA3B29AC2}.Debug|Any CPU.Build.0 = Debug|Any CPU
		{B003B812-8E5D-496D-9443-BBBAA3B29AC2}.Release|Any CPU.ActiveCfg = Release|Any CPU
		{B003B812-8E5D-496D-9443-BBBAA3B29AC2}.Release|Any CPU.Build.0 = Release|Any CPU
	EndGlobalSection
	GlobalSection(SolutionProperties) = preSolution
		HideSolutionNode = FALSE
	EndGlobalSection
	GlobalSection(NestedProjects) = preSolution
		{17D55069-D3E6-4EF3-B989-A0AFB53C4C2C} = {C1351AE6-4858-4443-8ADD-B66775F89636}
		{CC96BD29-C474-4478-88A9-3FEE2EDCBFAD} = {C1351AE6-4858-4443-8ADD-B66775F89636}
		{264A367D-4C6B-45E8-9CBE-942B564FA4B2} = {C1351AE6-4858-4443-8ADD-B66775F89636}
		{B003B812-8E5D-496D-9443-BBBAA3B29AC2} = {17D55069-D3E6-4EF3-B989-A0AFB53C4C2C}
	EndGlobalSection
	GlobalSection(ExtensibilityGlobals) = postSolution
		SolutionGuid = {81802DF0-A758-4ED1-9979-76458BE408B1}
	EndGlobalSection
EndGlobal
